
Microsoft Visual Studio Solution File, Format Version 12.00
# Visual Studio Version 16
VisualStudioVersion = 16.0.29411.108
MinimumVisualStudioVersion = 10.0.40219.1
Project("{9A19103F-16F7-4668-BE54-9A1E7A4F7556}") = "Day1", "Day1.csproj", "{5E6D4D54-97FC-4EF3-993A-CE02B9128773}"
EndProject
Global
	GlobalSection(SolutionConfigurationPlatforms) = preSolution
		Debug|Any CPU = Debug|Any CPU
		Release|Any CPU = Release|Any CPU
	EndGlobalSection
	GlobalSection(ProjectConfigurationPlatforms) = postSolution
		{5E6D4D54-97FC-4EF3-993A-CE02B9128773}.Debug|Any CPU.ActiveCfg = Debug|Any CPU
		{5E6D4D54-97FC-4EF3-993A-CE02B9128773}.Debug|Any CPU.Build.0 = Debug|Any CPU
		{5E6D4D54-97FC-4EF3-993A-CE02B9128773}.Release|Any CPU.ActiveCfg = Release|Any CPU
		{5E6D4D54-97FC-4EF3-993A-CE02B9128773}.Release|Any CPU.Build.0 = Release|Any CPU
	EndGlobalSection
	GlobalSection(SolutionProperties) = preSolution
		HideSolutionNode = FALSE
	EndGlobalSection
	GlobalSection(ExtensibilityGlobals) = postSolution
		SolutionGuid = {D85658B3-E826-47D8-8EB4-3024D13B7A21}
	EndGlobalSection
EndGlobal
